
Microsoft Visual Studio Solution File, Format Version 11.00
# Visual Studio 2010
Project("{8BC9CEB8-8B4A-11D0-8D11-00A0C91BC942}") = "JNAPipeServerDLL", "JNAPipeServerDLL\JNAPipeServerDLL.vcxproj", "{566A0E09-0040-449B-A90B-F0075343E391}"
EndProject
Project("{8BC9CEB8-8B4A-11D0-8D11-00A0C91BC942}") = "MT4PipeClientDLL", "MT4PipeClientDLL\MT4PipeClientDLL.vcxproj", "{10431D59-324D-4634-9B52-73BC6B2B8B4F}"
EndProject
Project("{8BC9CEB8-8B4A-11D0-8D11-00A0C91BC942}") = "MT4IndicatorDLL", "MT4IndicatorDLL\MT4IndicatorDLL.vcxproj", "{F5D783D2-B42D-424A-9D47-C4A923951176}"
EndProject
Project("{8BC9CEB8-8B4A-11D0-8D11-00A0C91BC942}") = "MT4Indicator2DLL", "MT4Indicator2DLL\MT4Indicator2DLL.vcxproj", "{D93EE2C6-4CE8-4CC1-93D6-CF448123CACC}"
EndProject
Project("{8BC9CEB8-8B4A-11D0-8D11-00A0C91BC942}") = "MT4EA1DLL", "MT4EA1DLL\MT4EA1DLL.vcxproj", "{DA109357-6649-4C87-AFD1-6FC42CC1B87C}"
EndProject
Project("{8BC9CEB8-8B4A-11D0-8D11-00A0C91BC942}") = "TestTechnologyApp", "TestTechnologyApp\TestTechnologyApp.vcxproj", "{7D9ECD0E-6AD1-4EE6-A228-CA356160E611}"
EndProject
Project("{8BC9CEB8-8B4A-11D0-8D11-00A0C91BC942}") = "MT4Indicator3DLL", "MT4Indicator3DLL\MT4Indicator3DLL.vcxproj", "{AA959E2A-DB6F-474E-A9D1-596E03999235}"
EndProject
Project("{8BC9CEB8-8B4A-11D0-8D11-00A0C91BC942}") = "OpenCLProject1", "OpenCLProject1\OpenCLProject1.vcxproj", "{365C2D8B-2C25-4A1D-AF3D-AF61F6FBCEA8}"
EndProject
Project("{8BC9CEB8-8B4A-11D0-8D11-00A0C91BC942}") = "MT4EA2DLL", "MT4EA2DLL\MT4EA2DLL.vcxproj", "{BD26F951-0D0D-4C4E-A19E-DBD40B740BA8}"
EndProject
Project("{8BC9CEB8-8B4A-11D0-8D11-00A0C91BC942}") = "TestKmeans", "TestKmeans\TestKmeans.vcxproj", "{9294FAE5-75C4-4911-AFF6-93B1F3E44E60}"
EndProject
Project("{8BC9CEB8-8B4A-11D0-8D11-00A0C91BC942}") = "MT4EA3DLL", "MT4EA3DLL\MT4EA3DLL.vcxproj", "{F29FDBCF-82AD-401C-91CC-674065CE9086}"
EndProject
Global
	GlobalSection(SolutionConfigurationPlatforms) = preSolution
		Debug|Win32 = Debug|Win32
		Debug|x64 = Debug|x64
		Release|Win32 = Release|Win32
		Release|x64 = Release|x64
	EndGlobalSection
	GlobalSection(ProjectConfigurationPlatforms) = postSolution
		{566A0E09-0040-449B-A90B-F0075343E391}.Debug|Win32.ActiveCfg = Debug|Win32
		{566A0E09-0040-449B-A90B-F0075343E391}.Debug|Win32.Build.0 = Debug|Win32
		{566A0E09-0040-449B-A90B-F0075343E391}.Debug|x64.ActiveCfg = Debug|x64
		{566A0E09-0040-449B-A90B-F0075343E391}.Debug|x64.Build.0 = Debug|x64
		{566A0E09-0040-449B-A90B-F0075343E391}.Release|Win32.ActiveCfg = Release|Win32
		{566A0E09-0040-449B-A90B-F0075343E391}.Release|Win32.Build.0 = Release|Win32
		{566A0E09-0040-449B-A90B-F0075343E391}.Release|x64.ActiveCfg = Release|x64
		{566A0E09-0040-449B-A90B-F0075343E391}.Release|x64.Build.0 = Release|x64
		{10431D59-324D-4634-9B52-73BC6B2B8B4F}.Debug|Win32.ActiveCfg = Debug|Win32
		{10431D59-324D-4634-9B52-73BC6B2B8B4F}.Debug|Win32.Build.0 = Debug|Win32
		{10431D59-324D-4634-9B52-73BC6B2B8B4F}.Debug|x64.ActiveCfg = Debug|Win32
		{10431D59-324D-4634-9B52-73BC6B2B8B4F}.Release|Win32.ActiveCfg = Release|Win32
		{10431D59-324D-4634-9B52-73BC6B2B8B4F}.Release|Win32.Build.0 = Release|Win32
		{10431D59-324D-4634-9B52-73BC6B2B8B4F}.Release|x64.ActiveCfg = Release|Win32
		{F5D783D2-B42D-424A-9D47-C4A923951176}.Debug|Win32.ActiveCfg = Debug|Win32
		{F5D783D2-B42D-424A-9D47-C4A923951176}.Debug|Win32.Build.0 = Debug|Win32
		{F5D783D2-B42D-424A-9D47-C4A923951176}.Debug|x64.ActiveCfg = Debug|Win32
		{F5D783D2-B42D-424A-9D47-C4A923951176}.Release|Win32.ActiveCfg = Release|Win32
		{F5D783D2-B42D-424A-9D47-C4A923951176}.Release|Win32.Build.0 = Release|Win32
		{F5D783D2-B42D-424A-9D47-C4A923951176}.Release|x64.ActiveCfg = Release|Win32
		{D93EE2C6-4CE8-4CC1-93D6-CF448123CACC}.Debug|Win32.ActiveCfg = Debug|Win32
		{D93EE2C6-4CE8-4CC1-93D6-CF448123CACC}.Debug|Win32.Build.0 = Debug|Win32
		{D93EE2C6-4CE8-4CC1-93D6-CF448123CACC}.Debug|x64.ActiveCfg = Debug|Win32
		{D93EE2C6-4CE8-4CC1-93D6-CF448123CACC}.Release|Win32.ActiveCfg = Release|Win32
		{D93EE2C6-4CE8-4CC1-93D6-CF448123CACC}.Release|Win32.Build.0 = Release|Win32
		{D93EE2C6-4CE8-4CC1-93D6-CF448123CACC}.Release|x64.ActiveCfg = Release|Win32
		{DA109357-6649-4C87-AFD1-6FC42CC1B87C}.Debug|Win32.ActiveCfg = Debug|Win32
		{DA109357-6649-4C87-AFD1-6FC42CC1B87C}.Debug|Win32.Build.0 = Debug|Win32
		{DA109357-6649-4C87-AFD1-6FC42CC1B87C}.Debug|x64.ActiveCfg = Debug|Win32
		{DA109357-6649-4C87-AFD1-6FC42CC1B87C}.Release|Win32.ActiveCfg = Release|Win32
		{DA109357-6649-4C87-AFD1-6FC42CC1B87C}.Release|Win32.Build.0 = Release|Win32
		{DA109357-6649-4C87-AFD1-6FC42CC1B87C}.Release|x64.ActiveCfg = Release|Win32
		{7D9ECD0E-6AD1-4EE6-A228-CA356160E611}.Debug|Win32.ActiveCfg = Debug|Win32
		{7D9ECD0E-6AD1-4EE6-A228-CA356160E611}.Debug|Win32.Build.0 = Debug|Win32
		{7D9ECD0E-6AD1-4EE6-A228-CA356160E611}.Debug|x64.ActiveCfg = Debug|Win32
		{7D9ECD0E-6AD1-4EE6-A228-CA356160E611}.Release|Win32.ActiveCfg = Release|Win32
		{7D9ECD0E-6AD1-4EE6-A228-CA356160E611}.Release|Win32.Build.0 = Release|Win32
		{7D9ECD0E-6AD1-4EE6-A228-CA356160E611}.Release|x64.ActiveCfg = Release|Win32
		{AA959E2A-DB6F-474E-A9D1-596E03999235}.Debug|Win32.ActiveCfg = Debug|Win32
		{AA959E2A-DB6F-474E-A9D1-596E03999235}.Debug|Win32.Build.0 = Debug|Win32
		{AA959E2A-DB6F-474E-A9D1-596E03999235}.Debug|x64.ActiveCfg = Debug|Win32
		{AA959E2A-DB6F-474E-A9D1-596E03999235}.Release|Win32.ActiveCfg = Release|Win32
		{AA959E2A-DB6F-474E-A9D1-596E03999235}.Release|Win32.Build.0 = Release|Win32
		{AA959E2A-DB6F-474E-A9D1-596E03999235}.Release|x64.ActiveCfg = Release|Win32
		{365C2D8B-2C25-4A1D-AF3D-AF61F6FBCEA8}.Debug|Win32.ActiveCfg = Debug|Win32
		{365C2D8B-2C25-4A1D-AF3D-AF61F6FBCEA8}.Debug|Win32.Build.0 = Debug|Win32
		{365C2D8B-2C25-4A1D-AF3D-AF61F6FBCEA8}.Debug|x64.ActiveCfg = Debug|Win32
		{365C2D8B-2C25-4A1D-AF3D-AF61F6FBCEA8}.Release|Win32.ActiveCfg = Release|Win32
		{365C2D8B-2C25-4A1D-AF3D-AF61F6FBCEA8}.Release|Win32.Build.0 = Release|Win32
		{365C2D8B-2C25-4A1D-AF3D-AF61F6FBCEA8}.Release|x64.ActiveCfg = Release|Win32
		{BD26F951-0D0D-4C4E-A19E-DBD40B740BA8}.Debug|Win32.ActiveCfg = Debug|Win32
		{BD26F951-0D0D-4C4E-A19E-DBD40B740BA8}.Debug|Win32.Build.0 = Debug|Win32
		{BD26F951-0D0D-4C4E-A19E-DBD40B740BA8}.Debug|x64.ActiveCfg = Debug|Win32
		{BD26F951-0D0D-4C4E-A19E-DBD40B740BA8}.Release|Win32.ActiveCfg = Release|Win32
		{BD26F951-0D0D-4C4E-A19E-DBD40B740BA8}.Release|Win32.Build.0 = Release|Win32
		{BD26F951-0D0D-4C4E-A19E-DBD40B740BA8}.Release|x64.ActiveCfg = Release|Win32
		{9294FAE5-75C4-4911-AFF6-93B1F3E44E60}.Debug|Win32.ActiveCfg = Debug|Win32
		{9294FAE5-75C4-4911-AFF6-93B1F3E44E60}.Debug|Win32.Build.0 = Debug|Win32
		{9294FAE5-75C4-4911-AFF6-93B1F3E44E60}.Debug|x64.ActiveCfg = Debug|Win32
		{9294FAE5-75C4-4911-AFF6-93B1F3E44E60}.Release|Win32.ActiveCfg = Release|Win32
		{9294FAE5-75C4-4911-AFF6-93B1F3E44E60}.Release|Win32.Build.0 = Release|Win32
		{9294FAE5-75C4-4911-AFF6-93B1F3E44E60}.Release|x64.ActiveCfg = Release|Win32
		{F29FDBCF-82AD-401C-91CC-674065CE9086}.Debug|Win32.ActiveCfg = Debug|Win32
		{F29FDBCF-82AD-401C-91CC-674065CE9086}.Debug|Win32.Build.0 = Debug|Win32
		{F29FDBCF-82AD-401C-91CC-674065CE9086}.Debug|x64.ActiveCfg = Debug|Win32
		{F29FDBCF-82AD-401C-91CC-674065CE9086}.Release|Win32.ActiveCfg = Release|Win32
		{F29FDBCF-82AD-401C-91CC-674065CE9086}.Release|Win32.Build.0 = Release|Win32
		{F29FDBCF-82AD-401C-91CC-674065CE9086}.Release|x64.ActiveCfg = Release|Win32
	EndGlobalSection
	GlobalSection(SolutionProperties) = preSolution
		HideSolutionNode = FALSE
	EndGlobalSection
EndGlobal
