
Microsoft Visual Studio Solution File, Format Version 11.00
# Visual Studio 2010
Project("{8BC9CEB8-8B4A-11D0-8D11-00A0C91BC942}") = "NamedpipeClient", "NamedpipeClient\NamedpipeClient.vcxproj", "{B212B1E6-DFB9-4A88-B54E-082F603B817A}"
EndProject
Project("{8BC9CEB8-8B4A-11D0-8D11-00A0C91BC942}") = "SocketClient", "SocketClient\SocketClient.vcxproj", "{E74E9E98-234C-4157-8DFD-352FB15E8F1E}"
EndProject
Project("{8BC9CEB8-8B4A-11D0-8D11-00A0C91BC942}") = "SimpleClient", "SimpleClient\SimpleClient.vcxproj", "{BAD88E52-5659-402E-B84F-3C38A6BF8EBF}"
EndProject
Global
	GlobalSection(SolutionConfigurationPlatforms) = preSolution
		Debug|Win32 = Debug|Win32
		Release|Win32 = Release|Win32
	EndGlobalSection
	GlobalSection(ProjectConfigurationPlatforms) = postSolution
		{B212B1E6-DFB9-4A88-B54E-082F603B817A}.Debug|Win32.ActiveCfg = Debug|Win32
		{B212B1E6-DFB9-4A88-B54E-082F603B817A}.Debug|Win32.Build.0 = Debug|Win32
		{B212B1E6-DFB9-4A88-B54E-082F603B817A}.Release|Win32.ActiveCfg = Release|Win32
		{B212B1E6-DFB9-4A88-B54E-082F603B817A}.Release|Win32.Build.0 = Release|Win32
		{E74E9E98-234C-4157-8DFD-352FB15E8F1E}.Debug|Win32.ActiveCfg = Debug|Win32
		{E74E9E98-234C-4157-8DFD-352FB15E8F1E}.Debug|Win32.Build.0 = Debug|Win32
		{E74E9E98-234C-4157-8DFD-352FB15E8F1E}.Release|Win32.ActiveCfg = Release|Win32
		{E74E9E98-234C-4157-8DFD-352FB15E8F1E}.Release|Win32.Build.0 = Release|Win32
		{BAD88E52-5659-402E-B84F-3C38A6BF8EBF}.Debug|Win32.ActiveCfg = Debug|Win32
		{BAD88E52-5659-402E-B84F-3C38A6BF8EBF}.Debug|Win32.Build.0 = Debug|Win32
		{BAD88E52-5659-402E-B84F-3C38A6BF8EBF}.Release|Win32.ActiveCfg = Release|Win32
		{BAD88E52-5659-402E-B84F-3C38A6BF8EBF}.Release|Win32.Build.0 = Release|Win32
	EndGlobalSection
	GlobalSection(SolutionProperties) = preSolution
		HideSolutionNode = FALSE
	EndGlobalSection
EndGlobal
